github.com/elazarl/go-bindata-assetfs v1.0.0 h1:G/bYguwHIzWq9ZoyUQqrjTmJbbYn3j3CKKpKinvZLFk=
github.com/elazarl/go-bindata-assetfs v1.0.0/go.mod h1:v+YaWX3bdea5J/mo8dSETolEo7R71Vk1u8bnjau5yw4=
github.com/jteeuwen/go-bindata v3.0.7+incompatible h1:91Uy4d9SYVr1kyTJ15wJsog+esAZZl7JmEfTkwmhJts=
github.com/jteeuwen/go-bindata v3.0.7+incompatible/go.mod h1:JVvhzYOiGBnFSYRyV00iY8q7/0PThjIYav1p9h5dmKs=
github.com/zserge/webview v0.0.0-20200410160118-50e4bcc420ab h1:oN9z1ICUvaapBWxfrsjnVE2P594yMWwi6vgH7Umzq3s=
github.com/zserge/webview v0.0.0-20200410160118-50e4bcc420ab/go.mod h1:qxc/5N3SOFrs3q+EAVHqaJ1oLbm+hHlDhfhRYg8x7wQ=
